
Microsoft Visual Studio Solution File, Format Version 12.00
# Visual Studio Version 16
VisualStudioVersion = 16.0.29411.108
MinimumVisualStudioVersion = 10.0.40219.1
Project("{FAE04EC0-301F-11D3-BF4B-00C04F79EFBC}") = "Masks4ThePeople.Web", "webapp\Masks4ThePeople.Web.csproj", "{B1683E5F-00E4-4690-97AE-1C94A4F9FC82}"
EndProject
Project("{FAE04EC0-301F-11D3-BF4B-00C04F79EFBC}") = "Masks4ThePeople.Common", "Masks4ThePeople.Common\Masks4ThePeople.Common.csproj", "{57C00F5E-8669-4E1A-98F2-0D81D85A853C}"
EndProject
Global
	GlobalSection(SolutionConfigurationPlatforms) = preSolution
		Debug|Any CPU = Debug|Any CPU
		Release|Any CPU = Release|Any CPU
	EndGlobalSection
	GlobalSection(ProjectConfigurationPlatforms) = postSolution
		{B1683E5F-00E4-4690-97AE-1C94A4F9FC82}.Debug|Any CPU.ActiveCfg = Debug|Any CPU
		{B1683E5F-00E4-4690-97AE-1C94A4F9FC82}.Debug|Any CPU.Build.0 = Debug|Any CPU
		{B1683E5F-00E4-4690-97AE-1C94A4F9FC82}.Release|Any CPU.ActiveCfg = Release|Any CPU
		{B1683E5F-00E4-4690-97AE-1C94A4F9FC82}.Release|Any CPU.Build.0 = Release|Any CPU
		{57C00F5E-8669-4E1A-98F2-0D81D85A853C}.Debug|Any CPU.ActiveCfg = Debug|Any CPU
		{57C00F5E-8669-4E1A-98F2-0D81D85A853C}.Debug|Any CPU.Build.0 = Debug|Any CPU
		{57C00F5E-8669-4E1A-98F2-0D81D85A853C}.Release|Any CPU.ActiveCfg = Release|Any CPU
		{57C00F5E-8669-4E1A-98F2-0D81D85A853C}.Release|Any CPU.Build.0 = Release|Any CPU
	EndGlobalSection
	GlobalSection(SolutionProperties) = preSolution
		HideSolutionNode = FALSE
	EndGlobalSection
	GlobalSection(ExtensibilityGlobals) = postSolution
		SolutionGuid = {4FC144FA-5678-428C-B5B7-E2A88ADE849D}
	EndGlobalSection
EndGlobal
